
Microsoft Visual Studio Solution File, Format Version 12.00
# Visual Studio Version 17
VisualStudioVersion = 17.7.34018.315
MinimumVisualStudioVersion = 10.0.40219.1
Project("{FAE04EC0-301F-11D3-BF4B-00C04F79EFBC}") = "library2", "library2\library2.csproj", "{9B5EFC76-8DA0-4F8E-879C-E649A2B9D9B2}"
EndProject
Project("{FAE04EC0-301F-11D3-BF4B-00C04F79EFBC}") = "Library3", "Library3\Library3.csproj", "{512DE067-8F9E-4AA5-B2F6-D4BFBFFCCC5E}"
EndProject
Project("{FAE04EC0-301F-11D3-BF4B-00C04F79EFBC}") = "LibraryDisconnected", "LibraryDisconnected\LibraryDisconnected.csproj", "{B6BA9EA4-2EC8-4745-BAAB-127C13C29BFA}"
EndProject
Project("{FAE04EC0-301F-11D3-BF4B-00C04F79EFBC}") = "Police", "Police\Police.csproj", "{C98E474C-123B-40EC-BBC5-D05C051D8744}"
EndProject
Project("{FAE04EC0-301F-11D3-BF4B-00C04F79EFBC}") = "Academy", "Academy\Academy.csproj", "{4F1988BD-43B1-42B7-A246-80B01F6E61EC}"
EndProject
Global
	GlobalSection(SolutionConfigurationPlatforms) = preSolution
		Debug|Any CPU = Debug|Any CPU
		Release|Any CPU = Release|Any CPU
	EndGlobalSection
	GlobalSection(ProjectConfigurationPlatforms) = postSolution
		{9B5EFC76-8DA0-4F8E-879C-E649A2B9D9B2}.Debug|Any CPU.ActiveCfg = Debug|Any CPU
		{9B5EFC76-8DA0-4F8E-879C-E649A2B9D9B2}.Debug|Any CPU.Build.0 = Debug|Any CPU
		{9B5EFC76-8DA0-4F8E-879C-E649A2B9D9B2}.Release|Any CPU.ActiveCfg = Release|Any CPU
		{9B5EFC76-8DA0-4F8E-879C-E649A2B9D9B2}.Release|Any CPU.Build.0 = Release|Any CPU
		{512DE067-8F9E-4AA5-B2F6-D4BFBFFCCC5E}.Debug|Any CPU.ActiveCfg = Debug|Any CPU
		{512DE067-8F9E-4AA5-B2F6-D4BFBFFCCC5E}.Debug|Any CPU.Build.0 = Debug|Any CPU
		{512DE067-8F9E-4AA5-B2F6-D4BFBFFCCC5E}.Release|Any CPU.ActiveCfg = Release|Any CPU
		{512DE067-8F9E-4AA5-B2F6-D4BFBFFCCC5E}.Release|Any CPU.Build.0 = Release|Any CPU
		{B6BA9EA4-2EC8-4745-BAAB-127C13C29BFA}.Debug|Any CPU.ActiveCfg = Debug|Any CPU
		{B6BA9EA4-2EC8-4745-BAAB-127C13C29BFA}.Debug|Any CPU.Build.0 = Debug|Any CPU
		{B6BA9EA4-2EC8-4745-BAAB-127C13C29BFA}.Release|Any CPU.ActiveCfg = Release|Any CPU
		{B6BA9EA4-2EC8-4745-BAAB-127C13C29BFA}.Release|Any CPU.Build.0 = Release|Any CPU
		{C98E474C-123B-40EC-BBC5-D05C051D8744}.Debug|Any CPU.ActiveCfg = Debug|Any CPU
		{C98E474C-123B-40EC-BBC5-D05C051D8744}.Debug|Any CPU.Build.0 = Debug|Any CPU
		{C98E474C-123B-40EC-BBC5-D05C051D8744}.Release|Any CPU.ActiveCfg = Release|Any CPU
		{C98E474C-123B-40EC-BBC5-D05C051D8744}.Release|Any CPU.Build.0 = Release|Any CPU
		{4F1988BD-43B1-42B7-A246-80B01F6E61EC}.Debug|Any CPU.ActiveCfg = Debug|Any CPU
		{4F1988BD-43B1-42B7-A246-80B01F6E61EC}.Debug|Any CPU.Build.0 = Debug|Any CPU
		{4F1988BD-43B1-42B7-A246-80B01F6E61EC}.Release|Any CPU.ActiveCfg = Release|Any CPU
		{4F1988BD-43B1-42B7-A246-80B01F6E61EC}.Release|Any CPU.Build.0 = Release|Any CPU
	EndGlobalSection
	GlobalSection(SolutionProperties) = preSolution
		HideSolutionNode = FALSE
	EndGlobalSection
	GlobalSection(ExtensibilityGlobals) = postSolution
		SolutionGuid = {1D13DB2C-2999-4E1A-B7AE-7658C4B38582}
	EndGlobalSection
EndGlobal
